
Microsoft Visual Studio Solution File, Format Version 12.00
# Visual Studio Version 16
VisualStudioVersion = 16.0.30114.105
MinimumVisualStudioVersion = 10.0.40219.1
Project("{2150E333-8FDC-42A3-9474-1A3956D46DE8}") = "src", "src", "{7E2EC385-6F04-4E95-9FAA-4E0804BFD104}"
EndProject
Project("{FAE04EC0-301F-11D3-BF4B-00C04F79EFBC}") = "GraphQLDemo", "src\GraphQLDemo\GraphQLDemo.csproj", "{5819A5A3-A758-4E60-8C6B-E90129AB051C}"
EndProject
Project("{2150E333-8FDC-42A3-9474-1A3956D46DE8}") = "GraphQL.Client", "GraphQL.Client", "{D0985C1A-349B-4A21-B550-6A955096F5B6}"
EndProject
Project("{FAE04EC0-301F-11D3-BF4B-00C04F79EFBC}") = "GraphQL.ClientConsole", "src\GraphQL.Client\GraphQL.ClientConsole\GraphQL.ClientConsole.csproj", "{28EBF3F5-0C85-4F94-A3C8-699339C9A68A}"
EndProject
Global
	GlobalSection(SolutionConfigurationPlatforms) = preSolution
		Debug|Any CPU = Debug|Any CPU
		Release|Any CPU = Release|Any CPU
	EndGlobalSection
	GlobalSection(SolutionProperties) = preSolution
		HideSolutionNode = FALSE
	EndGlobalSection
	GlobalSection(ProjectConfigurationPlatforms) = postSolution
		{5819A5A3-A758-4E60-8C6B-E90129AB051C}.Debug|Any CPU.ActiveCfg = Debug|Any CPU
		{5819A5A3-A758-4E60-8C6B-E90129AB051C}.Debug|Any CPU.Build.0 = Debug|Any CPU
		{5819A5A3-A758-4E60-8C6B-E90129AB051C}.Release|Any CPU.ActiveCfg = Release|Any CPU
		{5819A5A3-A758-4E60-8C6B-E90129AB051C}.Release|Any CPU.Build.0 = Release|Any CPU
		{28EBF3F5-0C85-4F94-A3C8-699339C9A68A}.Debug|Any CPU.ActiveCfg = Debug|Any CPU
		{28EBF3F5-0C85-4F94-A3C8-699339C9A68A}.Debug|Any CPU.Build.0 = Debug|Any CPU
		{28EBF3F5-0C85-4F94-A3C8-699339C9A68A}.Release|Any CPU.ActiveCfg = Release|Any CPU
		{28EBF3F5-0C85-4F94-A3C8-699339C9A68A}.Release|Any CPU.Build.0 = Release|Any CPU
	EndGlobalSection
	GlobalSection(NestedProjects) = preSolution
		{5819A5A3-A758-4E60-8C6B-E90129AB051C} = {7E2EC385-6F04-4E95-9FAA-4E0804BFD104}
		{D0985C1A-349B-4A21-B550-6A955096F5B6} = {7E2EC385-6F04-4E95-9FAA-4E0804BFD104}
		{28EBF3F5-0C85-4F94-A3C8-699339C9A68A} = {D0985C1A-349B-4A21-B550-6A955096F5B6}
	EndGlobalSection
EndGlobal
